
Microsoft Visual Studio Solution File, Format Version 12.00
# Visual Studio Version 17
VisualStudioVersion = 17.10.35013.160
MinimumVisualStudioVersion = 10.0.40219.1
Project("{FAE04EC0-301F-11D3-BF4B-00C04F79EFBC}") = "Assignment2_N01652955", "Assignment2_N01652955\Assignment2_N01652955.csproj", "{C65B2E55-41F2-4B2A-BFCE-C953B09815D4}"
EndProject
Global
	GlobalSection(SolutionConfigurationPlatforms) = preSolution
		Debug|Any CPU = Debug|Any CPU
		Release|Any CPU = Release|Any CPU
	EndGlobalSection
	GlobalSection(ProjectConfigurationPlatforms) = postSolution
		{C65B2E55-41F2-4B2A-BFCE-C953B09815D4}.Debug|Any CPU.ActiveCfg = Debug|Any CPU
		{C65B2E55-41F2-4B2A-BFCE-C953B09815D4}.Debug|Any CPU.Build.0 = Debug|Any CPU
		{C65B2E55-41F2-4B2A-BFCE-C953B09815D4}.Release|Any CPU.ActiveCfg = Release|Any CPU
		{C65B2E55-41F2-4B2A-BFCE-C953B09815D4}.Release|Any CPU.Build.0 = Release|Any CPU
	EndGlobalSection
	GlobalSection(SolutionProperties) = preSolution
		HideSolutionNode = FALSE
	EndGlobalSection
	GlobalSection(ExtensibilityGlobals) = postSolution
		SolutionGuid = {AC3DF58B-1DF1-4C79-AAE5-4BBF41EA22E5}
	EndGlobalSection
EndGlobal
