
Microsoft Visual Studio Solution File, Format Version 12.00
# Visual Studio Version 17
VisualStudioVersion = 17.8.34408.163
MinimumVisualStudioVersion = 10.0.40219.1
Project("{FAE04EC0-301F-11D3-BF4B-00C04F79EFBC}") = "Cumulative3-N01652955", "Cumulative3-N01652955\Cumulative3-N01652955.csproj", "{FBCDA383-B593-48F7-BC22-8FE678BBD9B1}"
EndProject
Global
	GlobalSection(SolutionConfigurationPlatforms) = preSolution
		Debug|Any CPU = Debug|Any CPU
		Release|Any CPU = Release|Any CPU
	EndGlobalSection
	GlobalSection(ProjectConfigurationPlatforms) = postSolution
		{FBCDA383-B593-48F7-BC22-8FE678BBD9B1}.Debug|Any CPU.ActiveCfg = Debug|Any CPU
		{FBCDA383-B593-48F7-BC22-8FE678BBD9B1}.Debug|Any CPU.Build.0 = Debug|Any CPU
		{FBCDA383-B593-48F7-BC22-8FE678BBD9B1}.Release|Any CPU.ActiveCfg = Release|Any CPU
		{FBCDA383-B593-48F7-BC22-8FE678BBD9B1}.Release|Any CPU.Build.0 = Release|Any CPU
	EndGlobalSection
	GlobalSection(SolutionProperties) = preSolution
		HideSolutionNode = FALSE
	EndGlobalSection
	GlobalSection(ExtensibilityGlobals) = postSolution
		SolutionGuid = {23B4EA57-CFA4-40E1-BA0D-51AA050BDEB6}
	EndGlobalSection
EndGlobal
